
Microsoft Visual Studio Solution File, Format Version 12.00
# Visual Studio 15
VisualStudioVersion = 15.0.28307.438
MinimumVisualStudioVersion = 10.0.40219.1
Project("{FAE04EC0-301F-11D3-BF4B-00C04F79EFBC}") = "IterativeDichotomiser", "IterativeDichotomiser\IterativeDichotomiser.csproj", "{C7ECABF7-1422-455D-8C54-B9666CD373C3}"
EndProject
Global
	GlobalSection(SolutionConfigurationPlatforms) = preSolution
		Debug|Any CPU = Debug|Any CPU
		Release|Any CPU = Release|Any CPU
	EndGlobalSection
	GlobalSection(ProjectConfigurationPlatforms) = postSolution
		{C7ECABF7-1422-455D-8C54-B9666CD373C3}.Debug|Any CPU.ActiveCfg = Debug|Any CPU
		{C7ECABF7-1422-455D-8C54-B9666CD373C3}.Debug|Any CPU.Build.0 = Debug|Any CPU
		{C7ECABF7-1422-455D-8C54-B9666CD373C3}.Release|Any CPU.ActiveCfg = Release|Any CPU
		{C7ECABF7-1422-455D-8C54-B9666CD373C3}.Release|Any CPU.Build.0 = Release|Any CPU
	EndGlobalSection
	GlobalSection(SolutionProperties) = preSolution
		HideSolutionNode = FALSE
	EndGlobalSection
	GlobalSection(ExtensibilityGlobals) = postSolution
		SolutionGuid = {E95C6537-0915-4D9A-BB7F-1238EFD14B7B}
	EndGlobalSection
EndGlobal
